{
    "version": 3,
    "terraform_version": "0.11.13",
    "serial": 9,
    "lineage": "9aa114ea-5381-cd89-f262-dfac43f9300a",
    "modules": [
        {
            "path": [
                "root"
            ],
            "outputs": {},
            "resources": {
                "docker_container.blog_container": {
                    "type": "docker_container",
                    "depends_on": [
                        "docker_container.mysql_container",
                        "docker_image.ghost_image",
                        "docker_network.private_bridge_network",
                        "docker_network.public_bridge_network",
                        "null_resource.sleep"
                    ],
                    "primary": {
                        "id": "485a8d6fdeafe7d40af75330e2a8b0b62f5c22730b5c272d8a6bbd6457726447",
                        "attributes": {
                            "attach": "false",
                            "bridge": "",
                            "env.#": "5",
                            "env.286725789": "database__connection__user=root",
                            "env.2975949015": "database__client=mysql",
                            "env.3083349939": "database__connection__password=P4sSw0rd0!",
                            "env.3457303461": "database__connection__host=db",
                            "env.3760825227": "database__connection__database=ghost",
                            "gateway": "172.26.0.1",
                            "id": "485a8d6fdeafe7d40af75330e2a8b0b62f5c22730b5c272d8a6bbd6457726447",
                            "image": "ghost:alpine",
                            "ip_address": "172.26.0.2",
                            "ip_prefix_length": "16",
                            "log_driver": "json-file",
                            "logs": "false",
                            "must_run": "true",
                            "name": "ghost_blog",
                            "network_data.#": "2",
                            "network_data.0.gateway": "172.27.0.1",
                            "network_data.0.ip_address": "172.27.0.3",
                            "network_data.0.ip_prefix_length": "16",
                            "network_data.0.network_name": "ghost_mysql_internal",
                            "network_data.1.gateway": "172.26.0.1",
                            "network_data.1.ip_address": "172.26.0.2",
                            "network_data.1.ip_prefix_length": "16",
                            "network_data.1.network_name": "public_ghost_network",
                            "networks_advanced.#": "2",
                            "networks_advanced.2661868645.aliases.#": "1",
                            "networks_advanced.2661868645.aliases.55808161": "ghost",
                            "networks_advanced.2661868645.ipv4_address": "",
                            "networks_advanced.2661868645.ipv6_address": "",
                            "networks_advanced.2661868645.name": "public_ghost_network",
                            "networks_advanced.3593933736.aliases.#": "1",
                            "networks_advanced.3593933736.aliases.55808161": "ghost",
                            "networks_advanced.3593933736.ipv4_address": "",
                            "networks_advanced.3593933736.ipv6_address": "",
                            "networks_advanced.3593933736.name": "ghost_mysql_internal",
                            "ports.#": "1",
                            "ports.0.external": "8082",
                            "ports.0.internal": "2368",
                            "ports.0.ip": "0.0.0.0",
                            "ports.0.protocol": "tcp",
                            "restart": "no",
                            "rm": "false",
                            "start": "true"
                        },
                        "meta": {
                            "schema_version": "1"
                        },
                        "tainted": false
                    },
                    "deposed": [],
                    "provider": "provider.docker"
                },
                "docker_container.mysql_container": {
                    "type": "docker_container",
                    "depends_on": [
                        "docker_image.mysql_image",
                        "docker_network.private_bridge_network",
                        "docker_volume.mysql_data_volume"
                    ],
                    "primary": {
                        "id": "50568a55a93cb3be1679db3175bcc3b011a948a92c853fb1ab4796cac2c8da9f",
                        "attributes": {
                            "attach": "false",
                            "bridge": "",
                            "env.#": "1",
                            "env.1963307837": "MYSQL_ROOT_PASSWORD=P4sSw0rd0!",
                            "gateway": "172.27.0.1",
                            "id": "50568a55a93cb3be1679db3175bcc3b011a948a92c853fb1ab4796cac2c8da9f",
                            "image": "mysql:5.7",
                            "ip_address": "172.27.0.2",
                            "ip_prefix_length": "16",
                            "log_driver": "json-file",
                            "logs": "false",
                            "must_run": "true",
                            "name": "ghost_database",
                            "network_data.#": "1",
                            "network_data.0.gateway": "172.27.0.1",
                            "network_data.0.ip_address": "172.27.0.2",
                            "network_data.0.ip_prefix_length": "16",
                            "network_data.0.network_name": "ghost_mysql_internal",
                            "networks_advanced.#": "1",
                            "networks_advanced.2205594070.aliases.#": "1",
                            "networks_advanced.2205594070.aliases.3824466984": "db",
                            "networks_advanced.2205594070.ipv4_address": "",
                            "networks_advanced.2205594070.ipv6_address": "",
                            "networks_advanced.2205594070.name": "ghost_mysql_internal",
                            "ports.#": "0",
                            "restart": "no",
                            "rm": "false",
                            "start": "true",
                            "volumes.#": "1",
                            "volumes.2351606827.container_path": "/var/lib/mysql",
                            "volumes.2351606827.from_container": "",
                            "volumes.2351606827.host_path": "",
                            "volumes.2351606827.read_only": "false",
                            "volumes.2351606827.volume_name": "mysql_data"
                        },
                        "meta": {
                            "schema_version": "1"
                        },
                        "tainted": false
                    },
                    "deposed": [],
                    "provider": "provider.docker"
                },
                "docker_image.ghost_image": {
                    "type": "docker_image",
                    "depends_on": [],
                    "primary": {
                        "id": "sha256:d75fa3218f9a472dd8c5d46bc75bbb25a54c80e7d5bf7bfb59f9b9769f658961ghost:alpine",
                        "attributes": {
                            "id": "sha256:d75fa3218f9a472dd8c5d46bc75bbb25a54c80e7d5bf7bfb59f9b9769f658961ghost:alpine",
                            "latest": "sha256:d75fa3218f9a472dd8c5d46bc75bbb25a54c80e7d5bf7bfb59f9b9769f658961",
                            "name": "ghost:alpine"
                        },
                        "meta": {},
                        "tainted": false
                    },
                    "deposed": [],
                    "provider": "provider.docker"
                },
                "docker_image.mysql_image": {
                    "type": "docker_image",
                    "depends_on": [],
                    "primary": {
                        "id": "sha256:f6509bac49801f48628167728aba66d64533aaa7d384e03b75a8fe4e6c0f6599mysql:5.7",
                        "attributes": {
                            "id": "sha256:f6509bac49801f48628167728aba66d64533aaa7d384e03b75a8fe4e6c0f6599mysql:5.7",
                            "latest": "sha256:f6509bac49801f48628167728aba66d64533aaa7d384e03b75a8fe4e6c0f6599",
                            "name": "mysql:5.7"
                        },
                        "meta": {},
                        "tainted": false
                    },
                    "deposed": [],
                    "provider": "provider.docker"
                },
                "docker_network.private_bridge_network": {
                    "type": "docker_network",
                    "depends_on": [],
                    "primary": {
                        "id": "7a8cba1ce408baeb66132c045b5380ad5f8ea5d83523ab89fcd34906518bf7ef",
                        "attributes": {
                            "attachable": "false",
                            "driver": "bridge",
                            "id": "7a8cba1ce408baeb66132c045b5380ad5f8ea5d83523ab89fcd34906518bf7ef",
                            "ingress": "false",
                            "internal": "true",
                            "ipv6": "false",
                            "name": "ghost_mysql_internal",
                            "options.%": "0",
                            "scope": "local"
                        },
                        "meta": {},
                        "tainted": false
                    },
                    "deposed": [],
                    "provider": "provider.docker"
                },
                "docker_network.public_bridge_network": {
                    "type": "docker_network",
                    "depends_on": [],
                    "primary": {
                        "id": "89a92974f4d94df24625f197daae9a8e4d0c0b6a0575d7fbc6db6bf96dad1f89",
                        "attributes": {
                            "attachable": "false",
                            "driver": "bridge",
                            "id": "89a92974f4d94df24625f197daae9a8e4d0c0b6a0575d7fbc6db6bf96dad1f89",
                            "ingress": "false",
                            "internal": "false",
                            "ipv6": "false",
                            "name": "public_ghost_network",
                            "options.%": "0",
                            "scope": "local"
                        },
                        "meta": {},
                        "tainted": false
                    },
                    "deposed": [],
                    "provider": "provider.docker"
                },
                "docker_volume.mysql_data_volume": {
                    "type": "docker_volume",
                    "depends_on": [],
                    "primary": {
                        "id": "mysql_data",
                        "attributes": {
                            "driver": "local",
                            "id": "mysql_data",
                            "mountpoint": "/var/lib/docker/volumes/mysql_data/_data",
                            "name": "mysql_data"
                        },
                        "meta": {},
                        "tainted": false
                    },
                    "deposed": [],
                    "provider": "provider.docker"
                },
                "null_resource.sleep": {
                    "type": "null_resource",
                    "depends_on": [
                        "docker_container.mysql_container"
                    ],
                    "primary": {
                        "id": "3949314498113016967",
                        "attributes": {
                            "id": "3949314498113016967"
                        },
                        "meta": {},
                        "tainted": false
                    },
                    "deposed": [],
                    "provider": "provider.null"
                }
            },
            "depends_on": []
        }
    ]
}
