{
    "version": 3,
    "terraform_version": "0.11.13",
    "serial": 3,
    "lineage": "7c298a8e-fd9a-ae38-b6c6-099bcf0f1f16",
    "modules": [
        {
            "path": [
                "root"
            ],
            "outputs": {},
            "resources": {
                "docker_image.mysql_image": {
                    "type": "docker_image",
                    "depends_on": [],
                    "primary": {
                        "id": "sha256:f6509bac49801f48628167728aba66d64533aaa7d384e03b75a8fe4e6c0f6599mysql:5.7",
                        "attributes": {
                            "id": "sha256:f6509bac49801f48628167728aba66d64533aaa7d384e03b75a8fe4e6c0f6599mysql:5.7",
                            "latest": "sha256:f6509bac49801f48628167728aba66d64533aaa7d384e03b75a8fe4e6c0f6599",
                            "name": "mysql:5.7"
                        },
                        "meta": {},
                        "tainted": false
                    },
                    "deposed": [],
                    "provider": "provider.docker"
                },
                "docker_network.private_overlay_network": {
                    "type": "docker_network",
                    "depends_on": [],
                    "primary": {
                        "id": "ueihpe0lpmcwtdg66nbfou3bw",
                        "attributes": {
                            "attachable": "false",
                            "driver": "overlay",
                            "id": "ueihpe0lpmcwtdg66nbfou3bw",
                            "ingress": "false",
                            "internal": "true",
                            "ipv6": "false",
                            "name": "mysql_internal",
                            "options.%": "1",
                            "options.com.docker.network.driver.overlay.vxlanid_list": "4099",
                            "scope": "swarm"
                        },
                        "meta": {},
                        "tainted": false
                    },
                    "deposed": [],
                    "provider": "provider.docker"
                },
                "docker_secret.mysql_db_password": {
                    "type": "docker_secret",
                    "depends_on": [],
                    "primary": {
                        "id": "l8pk9q70smtq4wg19dzcpf7by",
                        "attributes": {
                            "data": "cDRzU1dvUmQwIQo=",
                            "id": "l8pk9q70smtq4wg19dzcpf7by",
                            "name": "db_password"
                        },
                        "meta": {},
                        "tainted": false
                    },
                    "deposed": [],
                    "provider": "provider.docker"
                },
                "docker_secret.mysql_root_password": {
                    "type": "docker_secret",
                    "depends_on": [],
                    "primary": {
                        "id": "ga5ogb5v4fynx6mn6u91gfj07",
                        "attributes": {
                            "data": "cDRzU1dvUmQwIQo=",
                            "id": "ga5ogb5v4fynx6mn6u91gfj07",
                            "name": "root_password"
                        },
                        "meta": {},
                        "tainted": false
                    },
                    "deposed": [],
                    "provider": "provider.docker"
                },
                "docker_service.mysql-service": {
                    "type": "docker_service",
                    "depends_on": [
                        "docker_image.mysql_image",
                        "docker_network.private_overlay_network",
                        "docker_secret.mysql_db_password",
                        "docker_secret.mysql_root_password",
                        "docker_volume.mysql_data_volume"
                    ],
                    "primary": {
                        "id": "i039g75o9nvu0f9juf5mhldeb",
                        "attributes": {
                            "endpoint_spec.#": "1",
                            "endpoint_spec.0.mode": "vip",
                            "endpoint_spec.0.ports.#": "0",
                            "id": "i039g75o9nvu0f9juf5mhldeb",
                            "labels.%": "0",
                            "mode.#": "1",
                            "mode.0.global": "false",
                            "mode.0.replicated.#": "1",
                            "mode.0.replicated.0.replicas": "1",
                            "name": "mysql_db",
                            "rollback_config.#": "0",
                            "task_spec.#": "1",
                            "task_spec.0.container_spec.#": "1",
                            "task_spec.0.container_spec.0.args.#": "0",
                            "task_spec.0.container_spec.0.command.#": "0",
                            "task_spec.0.container_spec.0.configs.#": "0",
                            "task_spec.0.container_spec.0.dir": "",
                            "task_spec.0.container_spec.0.dns_config.#": "1",
                            "task_spec.0.container_spec.0.env.%": "3",
                            "task_spec.0.container_spec.0.env.MYSQL_DATABASE": "mydb",
                            "task_spec.0.container_spec.0.env.MYSQL_PASSWORD_FILE": "/run/secrets/db_password",
                            "task_spec.0.container_spec.0.env.MYSQL_ROOT_PASSWORD_FILE": "/run/secrets/root_password",
                            "task_spec.0.container_spec.0.groups.#": "0",
                            "task_spec.0.container_spec.0.healthcheck.#": "1",
                            "task_spec.0.container_spec.0.healthcheck.0.interval": "0s",
                            "task_spec.0.container_spec.0.healthcheck.0.retries": "0",
                            "task_spec.0.container_spec.0.healthcheck.0.start_period": "0s",
                            "task_spec.0.container_spec.0.healthcheck.0.test.#": "0",
                            "task_spec.0.container_spec.0.healthcheck.0.timeout": "0s",
                            "task_spec.0.container_spec.0.hostname": "",
                            "task_spec.0.container_spec.0.hosts.#": "0",
                            "task_spec.0.container_spec.0.image": "mysql:5.7@sha256:540488d8f0e04c1077d17934d1c1511fe417e2221dff508ce4621f5efe6131db",
                            "task_spec.0.container_spec.0.isolation": "default",
                            "task_spec.0.container_spec.0.labels.%": "0",
                            "task_spec.0.container_spec.0.mounts.#": "1",
                            "task_spec.0.container_spec.0.mounts.3473292824.bind_options.#": "0",
                            "task_spec.0.container_spec.0.mounts.3473292824.read_only": "false",
                            "task_spec.0.container_spec.0.mounts.3473292824.source": "mysql_data",
                            "task_spec.0.container_spec.0.mounts.3473292824.target": "/var/lib/mysql",
                            "task_spec.0.container_spec.0.mounts.3473292824.tmpfs_options.#": "0",
                            "task_spec.0.container_spec.0.mounts.3473292824.type": "volume",
                            "task_spec.0.container_spec.0.mounts.3473292824.volume_options.#": "0",
                            "task_spec.0.container_spec.0.privileges.#": "0",
                            "task_spec.0.container_spec.0.read_only": "false",
                            "task_spec.0.container_spec.0.secrets.#": "2",
                            "task_spec.0.container_spec.0.secrets.1887668580.file_name": "/run/secrets/db_password",
                            "task_spec.0.container_spec.0.secrets.1887668580.secret_id": "l8pk9q70smtq4wg19dzcpf7by",
                            "task_spec.0.container_spec.0.secrets.1887668580.secret_name": "db_password",
                            "task_spec.0.container_spec.0.secrets.3185715989.file_name": "/run/secrets/root_password",
                            "task_spec.0.container_spec.0.secrets.3185715989.secret_id": "ga5ogb5v4fynx6mn6u91gfj07",
                            "task_spec.0.container_spec.0.secrets.3185715989.secret_name": "root_password",
                            "task_spec.0.container_spec.0.stop_grace_period": "0s",
                            "task_spec.0.container_spec.0.stop_signal": "",
                            "task_spec.0.container_spec.0.user": "",
                            "task_spec.0.force_update": "0",
                            "task_spec.0.log_driver.#": "0",
                            "task_spec.0.networks.#": "1",
                            "task_spec.0.networks.915140435": "ueihpe0lpmcwtdg66nbfou3bw",
                            "task_spec.0.placement.#": "1",
                            "task_spec.0.placement.0.constraints.#": "0",
                            "task_spec.0.placement.0.platforms.#": "1",
                            "task_spec.0.placement.0.platforms.2822266258.architecture": "amd64",
                            "task_spec.0.placement.0.platforms.2822266258.os": "linux",
                            "task_spec.0.placement.0.prefs.#": "0",
                            "task_spec.0.resources.#": "1",
                            "task_spec.0.resources.0.limits.#": "0",
                            "task_spec.0.resources.0.reservation.#": "0",
                            "task_spec.0.restart_policy.%": "2",
                            "task_spec.0.restart_policy.condition": "any",
                            "task_spec.0.restart_policy.max_attempts": "0",
                            "task_spec.0.runtime": "container",
                            "update_config.#": "0"
                        },
                        "meta": {},
                        "tainted": false
                    },
                    "deposed": [],
                    "provider": "provider.docker"
                },
                "docker_volume.mysql_data_volume": {
                    "type": "docker_volume",
                    "depends_on": [],
                    "primary": {
                        "id": "mysql_data",
                        "attributes": {
                            "driver": "local",
                            "id": "mysql_data",
                            "mountpoint": "/var/lib/docker/volumes/mysql_data/_data",
                            "name": "mysql_data"
                        },
                        "meta": {},
                        "tainted": false
                    },
                    "deposed": [],
                    "provider": "provider.docker"
                }
            },
            "depends_on": []
        }
    ]
}
