{
    "version": 3,
    "terraform_version": "0.11.13",
    "serial": 20,
    "lineage": "56c707a5-b3e9-5dab-4aa9-323cd769e63a",
    "modules": [
        {
            "path": [
                "root"
            ],
            "outputs": {
                "IP Address": {
                    "sensitive": false,
                    "type": "string",
                    "value": "172.17.0.2"
                },
                "container_name": {
                    "sensitive": false,
                    "type": "string",
                    "value": "blog_dev"
                }
            },
            "resources": {
                "docker_container.container_id": {
                    "type": "docker_container",
                    "depends_on": [
                        "docker_image.image_id"
                    ],
                    "primary": {
                        "id": "44cdea033e8f3d70227f3c2affe23cb4f09bdd146a7cefa2ff2254d890a1839d",
                        "attributes": {
                            "attach": "false",
                            "bridge": "",
                            "gateway": "172.17.0.1",
                            "id": "44cdea033e8f3d70227f3c2affe23cb4f09bdd146a7cefa2ff2254d890a1839d",
                            "image": "sha256:779cf56978d11911e2966a3109cb67c62fef34475f9951d7bf45da720c3f1671",
                            "ip_address": "172.17.0.2",
                            "ip_prefix_length": "16",
                            "log_driver": "json-file",
                            "logs": "false",
                            "must_run": "true",
                            "name": "blog_dev",
                            "network_data.#": "1",
                            "network_data.0.gateway": "172.17.0.1",
                            "network_data.0.ip_address": "172.17.0.2",
                            "network_data.0.ip_prefix_length": "16",
                            "network_data.0.network_name": "bridge",
                            "ports.#": "1",
                            "ports.0.external": "8081",
                            "ports.0.internal": "2368",
                            "ports.0.ip": "0.0.0.0",
                            "ports.0.protocol": "tcp",
                            "restart": "no",
                            "rm": "false",
                            "start": "true"
                        },
                        "meta": {
                            "schema_version": "1"
                        },
                        "tainted": false
                    },
                    "deposed": [],
                    "provider": "provider.docker"
                },
                "docker_image.image_id": {
                    "type": "docker_image",
                    "depends_on": [],
                    "primary": {
                        "id": "sha256:779cf56978d11911e2966a3109cb67c62fef34475f9951d7bf45da720c3f1671ghost:latest",
                        "attributes": {
                            "id": "sha256:779cf56978d11911e2966a3109cb67c62fef34475f9951d7bf45da720c3f1671ghost:latest",
                            "latest": "sha256:779cf56978d11911e2966a3109cb67c62fef34475f9951d7bf45da720c3f1671",
                            "name": "ghost:latest"
                        },
                        "meta": {},
                        "tainted": false
                    },
                    "deposed": [],
                    "provider": "provider.docker"
                }
            },
            "depends_on": []
        }
    ]
}
