{
    "version": 3,
    "terraform_version": "0.11.13",
    "serial": 7,
    "lineage": "9aa114ea-5381-cd89-f262-dfac43f9300a",
    "modules": [
        {
            "path": [
                "root"
            ],
            "outputs": {},
            "resources": {
                "docker_container.blog_container": {
                    "type": "docker_container",
                    "depends_on": [
                        "docker_container.mysql_container",
                        "docker_image.ghost_image",
                        "docker_network.private_bridge_network",
                        "docker_network.public_bridge_network",
                        "null_resource.sleep"
                    ],
                    "primary": {
                        "id": "fb6789b8b101f6e000bf16fe7117ce8d711688c4d4e6e84e6b83d03ac24bb73c",
                        "attributes": {
                            "attach": "false",
                            "bridge": "",
                            "env.#": "5",
                            "env.286725789": "database__connection__user=root",
                            "env.2975949015": "database__client=mysql",
                            "env.3083349939": "database__connection__password=P4sSw0rd0!",
                            "env.3457303461": "database__connection__host=db",
                            "env.3760825227": "database__connection__database=ghost",
                            "gateway": "172.24.0.1",
                            "id": "fb6789b8b101f6e000bf16fe7117ce8d711688c4d4e6e84e6b83d03ac24bb73c",
                            "image": "ghost:alpine",
                            "ip_address": "172.24.0.3",
                            "ip_prefix_length": "16",
                            "log_driver": "json-file",
                            "logs": "false",
                            "must_run": "true",
                            "name": "ghost_blog",
                            "network_data.#": "2",
                            "network_data.0.gateway": "172.24.0.1",
                            "network_data.0.ip_address": "172.24.0.3",
                            "network_data.0.ip_prefix_length": "16",
                            "network_data.0.network_name": "ghost_mysql_internal",
                            "network_data.1.gateway": "172.25.0.1",
                            "network_data.1.ip_address": "172.25.0.2",
                            "network_data.1.ip_prefix_length": "16",
                            "network_data.1.network_name": "public_ghost_network",
                            "networks_advanced.#": "2",
                            "networks_advanced.2661868645.aliases.#": "1",
                            "networks_advanced.2661868645.aliases.55808161": "ghost",
                            "networks_advanced.2661868645.ipv4_address": "",
                            "networks_advanced.2661868645.ipv6_address": "",
                            "networks_advanced.2661868645.name": "public_ghost_network",
                            "networks_advanced.3593933736.aliases.#": "1",
                            "networks_advanced.3593933736.aliases.55808161": "ghost",
                            "networks_advanced.3593933736.ipv4_address": "",
                            "networks_advanced.3593933736.ipv6_address": "",
                            "networks_advanced.3593933736.name": "ghost_mysql_internal",
                            "ports.#": "1",
                            "ports.0.external": "8082",
                            "ports.0.internal": "2368",
                            "ports.0.ip": "0.0.0.0",
                            "ports.0.protocol": "tcp",
                            "restart": "no",
                            "rm": "false",
                            "start": "true"
                        },
                        "meta": {
                            "schema_version": "1"
                        },
                        "tainted": false
                    },
                    "deposed": [],
                    "provider": "provider.docker"
                },
                "docker_container.mysql_container": {
                    "type": "docker_container",
                    "depends_on": [
                        "docker_image.mysql_image",
                        "docker_network.private_bridge_network"
                    ],
                    "primary": {
                        "id": "e5d48c6e57099ddec62c9191a5107d75f861afc3ef58c16b6ec44679cec955cb",
                        "attributes": {
                            "attach": "false",
                            "bridge": "",
                            "env.#": "1",
                            "env.1963307837": "MYSQL_ROOT_PASSWORD=P4sSw0rd0!",
                            "gateway": "172.24.0.1",
                            "id": "e5d48c6e57099ddec62c9191a5107d75f861afc3ef58c16b6ec44679cec955cb",
                            "image": "mysql:5.7",
                            "ip_address": "172.24.0.2",
                            "ip_prefix_length": "16",
                            "log_driver": "json-file",
                            "logs": "false",
                            "must_run": "true",
                            "name": "ghost_database",
                            "network_data.#": "1",
                            "network_data.0.gateway": "172.24.0.1",
                            "network_data.0.ip_address": "172.24.0.2",
                            "network_data.0.ip_prefix_length": "16",
                            "network_data.0.network_name": "ghost_mysql_internal",
                            "networks_advanced.#": "1",
                            "networks_advanced.2205594070.aliases.#": "1",
                            "networks_advanced.2205594070.aliases.3824466984": "db",
                            "networks_advanced.2205594070.ipv4_address": "",
                            "networks_advanced.2205594070.ipv6_address": "",
                            "networks_advanced.2205594070.name": "ghost_mysql_internal",
                            "ports.#": "0",
                            "restart": "no",
                            "rm": "false",
                            "start": "true"
                        },
                        "meta": {
                            "schema_version": "1"
                        },
                        "tainted": false
                    },
                    "deposed": [],
                    "provider": "provider.docker"
                },
                "docker_image.ghost_image": {
                    "type": "docker_image",
                    "depends_on": [],
                    "primary": {
                        "id": "sha256:d75fa3218f9a472dd8c5d46bc75bbb25a54c80e7d5bf7bfb59f9b9769f658961ghost:alpine",
                        "attributes": {
                            "id": "sha256:d75fa3218f9a472dd8c5d46bc75bbb25a54c80e7d5bf7bfb59f9b9769f658961ghost:alpine",
                            "latest": "sha256:d75fa3218f9a472dd8c5d46bc75bbb25a54c80e7d5bf7bfb59f9b9769f658961",
                            "name": "ghost:alpine"
                        },
                        "meta": {},
                        "tainted": false
                    },
                    "deposed": [],
                    "provider": "provider.docker"
                },
                "docker_image.mysql_image": {
                    "type": "docker_image",
                    "depends_on": [],
                    "primary": {
                        "id": "sha256:f6509bac49801f48628167728aba66d64533aaa7d384e03b75a8fe4e6c0f6599mysql:5.7",
                        "attributes": {
                            "id": "sha256:f6509bac49801f48628167728aba66d64533aaa7d384e03b75a8fe4e6c0f6599mysql:5.7",
                            "latest": "sha256:f6509bac49801f48628167728aba66d64533aaa7d384e03b75a8fe4e6c0f6599",
                            "name": "mysql:5.7"
                        },
                        "meta": {},
                        "tainted": false
                    },
                    "deposed": [],
                    "provider": "provider.docker"
                },
                "docker_network.private_bridge_network": {
                    "type": "docker_network",
                    "depends_on": [],
                    "primary": {
                        "id": "4cfc14749c498aa0af300d3d7bb8292813805e3cc8d9b6aff9b3e0cec7db34d4",
                        "attributes": {
                            "attachable": "false",
                            "driver": "bridge",
                            "id": "4cfc14749c498aa0af300d3d7bb8292813805e3cc8d9b6aff9b3e0cec7db34d4",
                            "ingress": "false",
                            "internal": "true",
                            "ipv6": "false",
                            "name": "ghost_mysql_internal",
                            "options.%": "0",
                            "scope": "local"
                        },
                        "meta": {},
                        "tainted": false
                    },
                    "deposed": [],
                    "provider": "provider.docker"
                },
                "docker_network.public_bridge_network": {
                    "type": "docker_network",
                    "depends_on": [],
                    "primary": {
                        "id": "83f632c58639d1b876717e5ee3730724209001bef020287aa97a2e026647f632",
                        "attributes": {
                            "attachable": "false",
                            "driver": "bridge",
                            "id": "83f632c58639d1b876717e5ee3730724209001bef020287aa97a2e026647f632",
                            "ingress": "false",
                            "internal": "false",
                            "ipv6": "false",
                            "name": "public_ghost_network",
                            "options.%": "0",
                            "scope": "local"
                        },
                        "meta": {},
                        "tainted": false
                    },
                    "deposed": [],
                    "provider": "provider.docker"
                },
                "null_resource.sleep": {
                    "type": "null_resource",
                    "depends_on": [
                        "docker_container.mysql_container"
                    ],
                    "primary": {
                        "id": "1172394694752176568",
                        "attributes": {
                            "id": "1172394694752176568"
                        },
                        "meta": {},
                        "tainted": false
                    },
                    "deposed": [],
                    "provider": "provider.null"
                }
            },
            "depends_on": []
        }
    ]
}
