{
    "version": 3,
    "terraform_version": "0.11.13",
    "serial": 3,
    "lineage": "f5c51f21-c269-045b-a86a-b902c60df9b5",
    "modules": [
        {
            "path": [
                "root"
            ],
            "outputs": {
                "IP Address": {
                    "sensitive": false,
                    "type": "string",
                    "value": "172.17.0.3"
                },
                "container_name": {
                    "sensitive": false,
                    "type": "string",
                    "value": "blog_prod"
                }
            },
            "resources": {
                "docker_container.container_id": {
                    "type": "docker_container",
                    "depends_on": [
                        "docker_image.image_id"
                    ],
                    "primary": {
                        "id": "591a42ab71aa249ca0911972f98127bdee05f58754e0e83ee70d999f5113b93e",
                        "attributes": {
                            "attach": "false",
                            "bridge": "",
                            "gateway": "172.17.0.1",
                            "id": "591a42ab71aa249ca0911972f98127bdee05f58754e0e83ee70d999f5113b93e",
                            "image": "sha256:d75fa3218f9a472dd8c5d46bc75bbb25a54c80e7d5bf7bfb59f9b9769f658961",
                            "ip_address": "172.17.0.3",
                            "ip_prefix_length": "16",
                            "log_driver": "json-file",
                            "logs": "false",
                            "must_run": "true",
                            "name": "blog_prod",
                            "network_data.#": "1",
                            "network_data.0.gateway": "172.17.0.1",
                            "network_data.0.ip_address": "172.17.0.3",
                            "network_data.0.ip_prefix_length": "16",
                            "network_data.0.network_name": "bridge",
                            "ports.#": "1",
                            "ports.0.external": "80",
                            "ports.0.internal": "2368",
                            "ports.0.ip": "0.0.0.0",
                            "ports.0.protocol": "tcp",
                            "restart": "no",
                            "rm": "false",
                            "start": "true"
                        },
                        "meta": {
                            "schema_version": "1"
                        },
                        "tainted": false
                    },
                    "deposed": [],
                    "provider": "provider.docker"
                },
                "docker_image.image_id": {
                    "type": "docker_image",
                    "depends_on": [],
                    "primary": {
                        "id": "sha256:d75fa3218f9a472dd8c5d46bc75bbb25a54c80e7d5bf7bfb59f9b9769f658961ghost:alpine",
                        "attributes": {
                            "id": "sha256:d75fa3218f9a472dd8c5d46bc75bbb25a54c80e7d5bf7bfb59f9b9769f658961ghost:alpine",
                            "latest": "sha256:d75fa3218f9a472dd8c5d46bc75bbb25a54c80e7d5bf7bfb59f9b9769f658961",
                            "name": "ghost:alpine"
                        },
                        "meta": {},
                        "tainted": false
                    },
                    "deposed": [],
                    "provider": "provider.docker"
                }
            },
            "depends_on": []
        }
    ]
}
