{
    "version": 3,
    "terraform_version": "0.11.13",
    "serial": 3,
    "lineage": "9cfa651c-cc11-4ec9-232c-77ad50ca83ae",
    "modules": [
        {
            "path": [
                "root"
            ],
            "outputs": {},
            "resources": {
                "docker_container.jenkins_container": {
                    "type": "docker_container",
                    "depends_on": [
                        "docker_volume.jenkins_volume"
                    ],
                    "primary": {
                        "id": "ba6270dc1d966286426713fb7f7d8989856d688ff5fe3e1c2862a62cca570814",
                        "attributes": {
                            "attach": "false",
                            "id": "ba6270dc1d966286426713fb7f7d8989856d688ff5fe3e1c2862a62cca570814",
                            "image": "jenkins:terraform",
                            "log_driver": "json-file",
                            "logs": "false",
                            "must_run": "true",
                            "name": "jenkins",
                            "ports.#": "1",
                            "ports.0.external": "8080",
                            "ports.0.internal": "8080",
                            "ports.0.ip": "0.0.0.0",
                            "ports.0.protocol": "tcp",
                            "restart": "no",
                            "rm": "false",
                            "start": "true",
                            "volumes.#": "2",
                            "volumes.2159430828.container_path": "/var/jenkins_home",
                            "volumes.2159430828.from_container": "",
                            "volumes.2159430828.host_path": "",
                            "volumes.2159430828.read_only": "false",
                            "volumes.2159430828.volume_name": "jenkins_data",
                            "volumes.2176539481.container_path": "/var/run/docker.sock",
                            "volumes.2176539481.from_container": "",
                            "volumes.2176539481.host_path": "/var/run/docker.sock",
                            "volumes.2176539481.read_only": "false",
                            "volumes.2176539481.volume_name": ""
                        },
                        "meta": {
                            "schema_version": "1"
                        },
                        "tainted": false
                    },
                    "deposed": [],
                    "provider": "provider.docker"
                },
                "docker_volume.jenkins_volume": {
                    "type": "docker_volume",
                    "depends_on": [],
                    "primary": {
                        "id": "jenkins_data",
                        "attributes": {
                            "driver": "local",
                            "id": "jenkins_data",
                            "mountpoint": "/var/lib/docker/volumes/jenkins_data/_data",
                            "name": "jenkins_data"
                        },
                        "meta": {},
                        "tainted": false
                    },
                    "deposed": [],
                    "provider": "provider.docker"
                }
            },
            "depends_on": []
        }
    ]
}
