{
    "version": 3,
    "terraform_version": "0.11.13",
    "serial": 11,
    "lineage": "9aa114ea-5381-cd89-f262-dfac43f9300a",
    "modules": [
        {
            "path": [
                "root"
            ],
            "outputs": {},
            "resources": {
                "docker_image.ghost_image": {
                    "type": "docker_image",
                    "depends_on": [],
                    "primary": {
                        "id": "sha256:d75fa3218f9a472dd8c5d46bc75bbb25a54c80e7d5bf7bfb59f9b9769f658961ghost:alpine",
                        "attributes": {
                            "id": "sha256:d75fa3218f9a472dd8c5d46bc75bbb25a54c80e7d5bf7bfb59f9b9769f658961ghost:alpine",
                            "latest": "sha256:d75fa3218f9a472dd8c5d46bc75bbb25a54c80e7d5bf7bfb59f9b9769f658961",
                            "name": "ghost:alpine"
                        },
                        "meta": {},
                        "tainted": false
                    },
                    "deposed": [],
                    "provider": "provider.docker"
                },
                "docker_image.mysql_image": {
                    "type": "docker_image",
                    "depends_on": [],
                    "primary": {
                        "id": "sha256:f6509bac49801f48628167728aba66d64533aaa7d384e03b75a8fe4e6c0f6599mysql:5.7",
                        "attributes": {
                            "id": "sha256:f6509bac49801f48628167728aba66d64533aaa7d384e03b75a8fe4e6c0f6599mysql:5.7",
                            "latest": "sha256:f6509bac49801f48628167728aba66d64533aaa7d384e03b75a8fe4e6c0f6599",
                            "name": "mysql:5.7"
                        },
                        "meta": {},
                        "tainted": false
                    },
                    "deposed": [],
                    "provider": "provider.docker"
                },
                "docker_network.private_bridge_network": {
                    "type": "docker_network",
                    "depends_on": [],
                    "primary": {
                        "id": "k4vy6e1y5v2m793dtqwdmuhzo",
                        "attributes": {
                            "attachable": "false",
                            "driver": "overlay",
                            "id": "k4vy6e1y5v2m793dtqwdmuhzo",
                            "ingress": "false",
                            "internal": "true",
                            "ipv6": "false",
                            "name": "ghost_mysql_internal",
                            "options.%": "1",
                            "options.com.docker.network.driver.overlay.vxlanid_list": "4097",
                            "scope": "swarm"
                        },
                        "meta": {},
                        "tainted": false
                    },
                    "deposed": [],
                    "provider": "provider.docker"
                },
                "docker_network.public_bridge_network": {
                    "type": "docker_network",
                    "depends_on": [],
                    "primary": {
                        "id": "xglfgf0nx2k7te85z98jv5gca",
                        "attributes": {
                            "attachable": "false",
                            "driver": "overlay",
                            "id": "xglfgf0nx2k7te85z98jv5gca",
                            "ingress": "false",
                            "internal": "false",
                            "ipv6": "false",
                            "name": "public_ghost_network",
                            "options.%": "1",
                            "options.com.docker.network.driver.overlay.vxlanid_list": "4098",
                            "scope": "swarm"
                        },
                        "meta": {},
                        "tainted": false
                    },
                    "deposed": [],
                    "provider": "provider.docker"
                },
                "docker_service.ghost-service": {
                    "type": "docker_service",
                    "depends_on": [
                        "docker_image.ghost_image",
                        "docker_network.private_bridge_network",
                        "docker_network.public_bridge_network"
                    ],
                    "primary": {
                        "id": "cs71bebr5gluv41x4k6gg8i5t",
                        "attributes": {
                            "endpoint_spec.#": "1",
                            "endpoint_spec.0.mode": "vip",
                            "endpoint_spec.0.ports.#": "1",
                            "endpoint_spec.0.ports.3926839614.name": "",
                            "endpoint_spec.0.ports.3926839614.protocol": "tcp",
                            "endpoint_spec.0.ports.3926839614.publish_mode": "ingress",
                            "endpoint_spec.0.ports.3926839614.published_port": "8082",
                            "endpoint_spec.0.ports.3926839614.target_port": "2368",
                            "id": "cs71bebr5gluv41x4k6gg8i5t",
                            "labels.%": "0",
                            "mode.#": "1",
                            "mode.0.global": "false",
                            "mode.0.replicated.#": "1",
                            "mode.0.replicated.0.replicas": "1",
                            "name": "ghost",
                            "rollback_config.#": "0",
                            "task_spec.#": "1",
                            "task_spec.0.container_spec.#": "1",
                            "task_spec.0.container_spec.0.args.#": "0",
                            "task_spec.0.container_spec.0.command.#": "0",
                            "task_spec.0.container_spec.0.configs.#": "0",
                            "task_spec.0.container_spec.0.dir": "",
                            "task_spec.0.container_spec.0.dns_config.#": "1",
                            "task_spec.0.container_spec.0.env.%": "5",
                            "task_spec.0.container_spec.0.env.database__client": "mysql",
                            "task_spec.0.container_spec.0.env.database__connection__database": "ghost",
                            "task_spec.0.container_spec.0.env.database__connection__host": "db",
                            "task_spec.0.container_spec.0.env.database__connection__password": "P4sSw0rd0!",
                            "task_spec.0.container_spec.0.env.database__connection__user": "root",
                            "task_spec.0.container_spec.0.groups.#": "0",
                            "task_spec.0.container_spec.0.healthcheck.#": "1",
                            "task_spec.0.container_spec.0.healthcheck.0.interval": "0s",
                            "task_spec.0.container_spec.0.healthcheck.0.retries": "0",
                            "task_spec.0.container_spec.0.healthcheck.0.start_period": "0s",
                            "task_spec.0.container_spec.0.healthcheck.0.test.#": "0",
                            "task_spec.0.container_spec.0.healthcheck.0.timeout": "0s",
                            "task_spec.0.container_spec.0.hostname": "",
                            "task_spec.0.container_spec.0.hosts.#": "0",
                            "task_spec.0.container_spec.0.image": "ghost:alpine@sha256:dfda05377845c99288e6360da19aed050edcfebe02b6a46aa9869794ebae37fc",
                            "task_spec.0.container_spec.0.isolation": "default",
                            "task_spec.0.container_spec.0.labels.%": "0",
                            "task_spec.0.container_spec.0.mounts.#": "0",
                            "task_spec.0.container_spec.0.privileges.#": "0",
                            "task_spec.0.container_spec.0.read_only": "false",
                            "task_spec.0.container_spec.0.secrets.#": "0",
                            "task_spec.0.container_spec.0.stop_grace_period": "0s",
                            "task_spec.0.container_spec.0.stop_signal": "",
                            "task_spec.0.container_spec.0.user": "",
                            "task_spec.0.force_update": "0",
                            "task_spec.0.log_driver.#": "0",
                            "task_spec.0.networks.#": "2",
                            "task_spec.0.networks.3229467182": "k4vy6e1y5v2m793dtqwdmuhzo",
                            "task_spec.0.networks.395655648": "xglfgf0nx2k7te85z98jv5gca",
                            "task_spec.0.placement.#": "1",
                            "task_spec.0.placement.0.constraints.#": "0",
                            "task_spec.0.placement.0.platforms.#": "1",
                            "task_spec.0.placement.0.platforms.2822266258.architecture": "amd64",
                            "task_spec.0.placement.0.platforms.2822266258.os": "linux",
                            "task_spec.0.placement.0.prefs.#": "0",
                            "task_spec.0.resources.#": "1",
                            "task_spec.0.resources.0.limits.#": "0",
                            "task_spec.0.resources.0.reservation.#": "0",
                            "task_spec.0.restart_policy.%": "2",
                            "task_spec.0.restart_policy.condition": "any",
                            "task_spec.0.restart_policy.max_attempts": "0",
                            "task_spec.0.runtime": "container",
                            "update_config.#": "0"
                        },
                        "meta": {},
                        "tainted": false
                    },
                    "deposed": [],
                    "provider": "provider.docker"
                },
                "docker_service.mysql-service": {
                    "type": "docker_service",
                    "depends_on": [
                        "docker_image.mysql_image",
                        "docker_network.private_bridge_network",
                        "docker_volume.mysql_data_volume"
                    ],
                    "primary": {
                        "id": "ig0b1htc3y0ca0jifzoohbqv4",
                        "attributes": {
                            "endpoint_spec.#": "1",
                            "endpoint_spec.0.mode": "vip",
                            "endpoint_spec.0.ports.#": "0",
                            "id": "ig0b1htc3y0ca0jifzoohbqv4",
                            "labels.%": "0",
                            "mode.#": "1",
                            "mode.0.global": "false",
                            "mode.0.replicated.#": "1",
                            "mode.0.replicated.0.replicas": "1",
                            "name": "db",
                            "rollback_config.#": "0",
                            "task_spec.#": "1",
                            "task_spec.0.container_spec.#": "1",
                            "task_spec.0.container_spec.0.args.#": "0",
                            "task_spec.0.container_spec.0.command.#": "0",
                            "task_spec.0.container_spec.0.configs.#": "0",
                            "task_spec.0.container_spec.0.dir": "",
                            "task_spec.0.container_spec.0.dns_config.#": "1",
                            "task_spec.0.container_spec.0.env.%": "1",
                            "task_spec.0.container_spec.0.env.MYSQL_ROOT_PASSWORD": "P4sSw0rd0!",
                            "task_spec.0.container_spec.0.groups.#": "0",
                            "task_spec.0.container_spec.0.healthcheck.#": "1",
                            "task_spec.0.container_spec.0.healthcheck.0.interval": "0s",
                            "task_spec.0.container_spec.0.healthcheck.0.retries": "0",
                            "task_spec.0.container_spec.0.healthcheck.0.start_period": "0s",
                            "task_spec.0.container_spec.0.healthcheck.0.test.#": "0",
                            "task_spec.0.container_spec.0.healthcheck.0.timeout": "0s",
                            "task_spec.0.container_spec.0.hostname": "",
                            "task_spec.0.container_spec.0.hosts.#": "0",
                            "task_spec.0.container_spec.0.image": "mysql:5.7@sha256:540488d8f0e04c1077d17934d1c1511fe417e2221dff508ce4621f5efe6131db",
                            "task_spec.0.container_spec.0.isolation": "default",
                            "task_spec.0.container_spec.0.labels.%": "0",
                            "task_spec.0.container_spec.0.mounts.#": "1",
                            "task_spec.0.container_spec.0.mounts.3473292824.bind_options.#": "0",
                            "task_spec.0.container_spec.0.mounts.3473292824.read_only": "false",
                            "task_spec.0.container_spec.0.mounts.3473292824.source": "mysql_data",
                            "task_spec.0.container_spec.0.mounts.3473292824.target": "/var/lib/mysql",
                            "task_spec.0.container_spec.0.mounts.3473292824.tmpfs_options.#": "0",
                            "task_spec.0.container_spec.0.mounts.3473292824.type": "volume",
                            "task_spec.0.container_spec.0.mounts.3473292824.volume_options.#": "0",
                            "task_spec.0.container_spec.0.privileges.#": "0",
                            "task_spec.0.container_spec.0.read_only": "false",
                            "task_spec.0.container_spec.0.secrets.#": "0",
                            "task_spec.0.container_spec.0.stop_grace_period": "0s",
                            "task_spec.0.container_spec.0.stop_signal": "",
                            "task_spec.0.container_spec.0.user": "",
                            "task_spec.0.force_update": "0",
                            "task_spec.0.log_driver.#": "0",
                            "task_spec.0.networks.#": "1",
                            "task_spec.0.networks.3229467182": "k4vy6e1y5v2m793dtqwdmuhzo",
                            "task_spec.0.placement.#": "1",
                            "task_spec.0.placement.0.constraints.#": "0",
                            "task_spec.0.placement.0.platforms.#": "1",
                            "task_spec.0.placement.0.platforms.2822266258.architecture": "amd64",
                            "task_spec.0.placement.0.platforms.2822266258.os": "linux",
                            "task_spec.0.placement.0.prefs.#": "0",
                            "task_spec.0.resources.#": "1",
                            "task_spec.0.resources.0.limits.#": "0",
                            "task_spec.0.resources.0.reservation.#": "0",
                            "task_spec.0.restart_policy.%": "2",
                            "task_spec.0.restart_policy.condition": "any",
                            "task_spec.0.restart_policy.max_attempts": "0",
                            "task_spec.0.runtime": "container",
                            "update_config.#": "0"
                        },
                        "meta": {},
                        "tainted": false
                    },
                    "deposed": [],
                    "provider": "provider.docker"
                },
                "docker_volume.mysql_data_volume": {
                    "type": "docker_volume",
                    "depends_on": [],
                    "primary": {
                        "id": "mysql_data",
                        "attributes": {
                            "driver": "local",
                            "id": "mysql_data",
                            "mountpoint": "/var/lib/docker/volumes/mysql_data/_data",
                            "name": "mysql_data"
                        },
                        "meta": {},
                        "tainted": false
                    },
                    "deposed": [],
                    "provider": "provider.docker"
                }
            },
            "depends_on": []
        }
    ]
}
